// !$*UTF8*$!
{
	archiveVersion = 1;
	classes = {
	};
	objectVersion = 56;
	objects = {

/* Begin PBXBuildFile section */
		8E08C5FF2BC4411300E92CB6 /* AppDelegate.swift in Sources */ = {isa = PBXBuildFile; fileRef = 8E08C5FE2BC4411300E92CB6 /* AppDelegate.swift */; };
		8E08C6012BC4411300E92CB6 /* SceneDelegate.swift in Sources */ = {isa = PBXBuildFile; fileRef = 8E08C6002BC4411300E92CB6 /* SceneDelegate.swift */; };
		8E08C6032BC4411300E92CB6 /* MagneticDetectionViewController.swift in Sources */ = {isa = PBXBuildFile; fileRef = 8E08C6022BC4411300E92CB6 /* MagneticDetectionViewController.swift */; };
		8E08C6092BC4411300E92CB6 /* TestMagneticDetection.xcdatamodeld in Sources */ = {isa = PBXBuildFile; fileRef = 8E08C6072BC4411300E92CB6 /* TestMagneticDetection.xcdatamodeld */; };
		8E08C60B2BC4411400E92CB6 /* Assets.xcassets in Resources */ = {isa = PBXBuildFile; fileRef = 8E08C60A2BC4411400E92CB6 /* Assets.xcassets */; };
		8E08C60E2BC4411400E92CB6 /* LaunchScreen.storyboard in Resources */ = {isa = PBXBuildFile; fileRef = 8E08C60C2BC4411400E92CB6 /* LaunchScreen.storyboard */; };
		8E08C6162BC53A4500E92CB6 /* SpeedometerView.swift in Sources */ = {isa = PBXBuildFile; fileRef = 8E08C6152BC53A4500E92CB6 /* SpeedometerView.swift */; };
		8E08C6192BC54A1600E92CB6 /* SnapKit in Frameworks */ = {isa = PBXBuildFile; productRef = 8E08C6182BC54A1600E92CB6 /* SnapKit */; };
		8E08C61C2BC54A4100E92CB6 /* Then in Frameworks */ = {isa = PBXBuildFile; productRef = 8E08C61B2BC54A4100E92CB6 /* Then */; };
		8E08C6202BC5BDDF00E92CB6 /* UIColor+Ext.swift in Sources */ = {isa = PBXBuildFile; fileRef = 8E08C61F2BC5BDDF00E92CB6 /* UIColor+Ext.swift */; };
		8E08C6262BC5C0D100E92CB6 /* HomeViewController.swift in Sources */ = {isa = PBXBuildFile; fileRef = 8E08C6252BC5C0D100E92CB6 /* HomeViewController.swift */; };
		8E08C62A2BC5C2AA00E92CB6 /* HomeCollectionViewCell.swift in Sources */ = {isa = PBXBuildFile; fileRef = 8E08C6292BC5C2AA00E92CB6 /* HomeCollectionViewCell.swift */; };
		8E08C62D2BC5C95000E92CB6 /* Roboto-Regular.ttf in Resources */ = {isa = PBXBuildFile; fileRef = 8E08C62C2BC5C95000E92CB6 /* Roboto-Regular.ttf */; };
		8E08C62F2BC5C9A300E92CB6 /* UIFont+Ext.swift in Sources */ = {isa = PBXBuildFile; fileRef = 8E08C62E2BC5C9A300E92CB6 /* UIFont+Ext.swift */; };
		8E08C6312BC5EDD100E92CB6 /* Roboto-Medium.ttf in Resources */ = {isa = PBXBuildFile; fileRef = 8E08C6302BC5EDD100E92CB6 /* Roboto-Medium.ttf */; };
		8E08C6332BC5EF9000E92CB6 /* HomeScanView.swift in Sources */ = {isa = PBXBuildFile; fileRef = 8E08C6322BC5EF9000E92CB6 /* HomeScanView.swift */; };
		8E08C6352BC5F42B00E92CB6 /* Roboto-Bold.ttf in Resources */ = {isa = PBXBuildFile; fileRef = 8E08C6342BC5F42B00E92CB6 /* Roboto-Bold.ttf */; };
		8E08C6372BC5F47500E92CB6 /* Roboto-Light.ttf in Resources */ = {isa = PBXBuildFile; fileRef = 8E08C6362BC5F47500E92CB6 /* Roboto-Light.ttf */; };
		8E08C63B2BC6032000E92CB6 /* ScanNetworkViewController.swift in Sources */ = {isa = PBXBuildFile; fileRef = 8E08C63A2BC6032000E92CB6 /* ScanNetworkViewController.swift */; };
		8E08C63E2BC608ED00E92CB6 /* Lottie in Frameworks */ = {isa = PBXBuildFile; productRef = 8E08C63D2BC608ED00E92CB6 /* Lottie */; };
		8E08C6412BC6099600E92CB6 /* scan.json in Resources */ = {isa = PBXBuildFile; fileRef = 8E08C6402BC6099600E92CB6 /* scan.json */; };
		8E08C6452BC60F2F00E92CB6 /* DeviceDetailsViewController.swift in Sources */ = {isa = PBXBuildFile; fileRef = 8E08C6442BC60F2F00E92CB6 /* DeviceDetailsViewController.swift */; };
		8E08C6472BC60F6800E92CB6 /* ResultViewController.swift in Sources */ = {isa = PBXBuildFile; fileRef = 8E08C6462BC60F6800E92CB6 /* ResultViewController.swift */; };
		8E08C64A2BC68E0A00E92CB6 /* ResultTableViewCell.swift in Sources */ = {isa = PBXBuildFile; fileRef = 8E08C6492BC68E0A00E92CB6 /* ResultTableViewCell.swift */; };
		8E08C64C2BC6A5E200E92CB6 /* DetailView.swift in Sources */ = {isa = PBXBuildFile; fileRef = 8E08C64B2BC6A5E200E92CB6 /* DetailView.swift */; };
		8E08C6522BC6AD2E00E92CB6 /* InfoView.swift in Sources */ = {isa = PBXBuildFile; fileRef = 8E08C6512BC6AD2E00E92CB6 /* InfoView.swift */; };
/* End PBXBuildFile section */

/* Begin PBXFileReference section */
		8E08C5FB2BC4411300E92CB6 /* TestMagneticDetection.app */ = {isa = PBXFileReference; explicitFileType = wrapper.application; includeInIndex = 0; path = TestMagneticDetection.app; sourceTree = BUILT_PRODUCTS_DIR; };
		8E08C5FE2BC4411300E92CB6 /* AppDelegate.swift */ = {isa = PBXFileReference; lastKnownFileType = sourcecode.swift; path = AppDelegate.swift; sourceTree = "<group>"; };
		8E08C6002BC4411300E92CB6 /* SceneDelegate.swift */ = {isa = PBXFileReference; lastKnownFileType = sourcecode.swift; path = SceneDelegate.swift; sourceTree = "<group>"; };
		8E08C6022BC4411300E92CB6 /* MagneticDetectionViewController.swift */ = {isa = PBXFileReference; lastKnownFileType = sourcecode.swift; path = MagneticDetectionViewController.swift; sourceTree = "<group>"; };
		8E08C6082BC4411300E92CB6 /* TestMagneticDetection.xcdatamodel */ = {isa = PBXFileReference; lastKnownFileType = wrapper.xcdatamodel; path = TestMagneticDetection.xcdatamodel; sourceTree = "<group>"; };
		8E08C60A2BC4411400E92CB6 /* Assets.xcassets */ = {isa = PBXFileReference; lastKnownFileType = folder.assetcatalog; path = Assets.xcassets; sourceTree = "<group>"; };
		8E08C60D2BC4411400E92CB6 /* Base */ = {isa = PBXFileReference; lastKnownFileType = file.storyboard; name = Base; path = Base.lproj/LaunchScreen.storyboard; sourceTree = "<group>"; };
		8E08C60F2BC4411400E92CB6 /* Info.plist */ = {isa = PBXFileReference; lastKnownFileType = text.plist.xml; path = Info.plist; sourceTree = "<group>"; };
		8E08C6152BC53A4500E92CB6 /* SpeedometerView.swift */ = {isa = PBXFileReference; lastKnownFileType = sourcecode.swift; path = SpeedometerView.swift; sourceTree = "<group>"; };
		8E08C61F2BC5BDDF00E92CB6 /* UIColor+Ext.swift */ = {isa = PBXFileReference; lastKnownFileType = sourcecode.swift; path = "UIColor+Ext.swift"; sourceTree = "<group>"; };
		8E08C6252BC5C0D100E92CB6 /* HomeViewController.swift */ = {isa = PBXFileReference; lastKnownFileType = sourcecode.swift; path = HomeViewController.swift; sourceTree = "<group>"; };
		8E08C6292BC5C2AA00E92CB6 /* HomeCollectionViewCell.swift */ = {isa = PBXFileReference; lastKnownFileType = sourcecode.swift; path = HomeCollectionViewCell.swift; sourceTree = "<group>"; };
		8E08C62C2BC5C95000E92CB6 /* Roboto-Regular.ttf */ = {isa = PBXFileReference; lastKnownFileType = file; path = "Roboto-Regular.ttf"; sourceTree = "<group>"; };
		8E08C62E2BC5C9A300E92CB6 /* UIFont+Ext.swift */ = {isa = PBXFileReference; lastKnownFileType = sourcecode.swift; path = "UIFont+Ext.swift"; sourceTree = "<group>"; };
		8E08C6302BC5EDD100E92CB6 /* Roboto-Medium.ttf */ = {isa = PBXFileReference; lastKnownFileType = file; path = "Roboto-Medium.ttf"; sourceTree = "<group>"; };
		8E08C6322BC5EF9000E92CB6 /* HomeScanView.swift */ = {isa = PBXFileReference; lastKnownFileType = sourcecode.swift; path = HomeScanView.swift; sourceTree = "<group>"; };
		8E08C6342BC5F42B00E92CB6 /* Roboto-Bold.ttf */ = {isa = PBXFileReference; lastKnownFileType = file; path = "Roboto-Bold.ttf"; sourceTree = "<group>"; };
		8E08C6362BC5F47500E92CB6 /* Roboto-Light.ttf */ = {isa = PBXFileReference; lastKnownFileType = file; path = "Roboto-Light.ttf"; sourceTree = "<group>"; };
		8E08C63A2BC6032000E92CB6 /* ScanNetworkViewController.swift */ = {isa = PBXFileReference; lastKnownFileType = sourcecode.swift; path = ScanNetworkViewController.swift; sourceTree = "<group>"; };
		8E08C6402BC6099600E92CB6 /* scan.json */ = {isa = PBXFileReference; fileEncoding = 4; lastKnownFileType = text.json; path = scan.json; sourceTree = "<group>"; };
		8E08C6442BC60F2F00E92CB6 /* DeviceDetailsViewController.swift */ = {isa = PBXFileReference; lastKnownFileType = sourcecode.swift; path = DeviceDetailsViewController.swift; sourceTree = "<group>"; };
		8E08C6462BC60F6800E92CB6 /* ResultViewController.swift */ = {isa = PBXFileReference; lastKnownFileType = sourcecode.swift; path = ResultViewController.swift; sourceTree = "<group>"; };
		8E08C6492BC68E0A00E92CB6 /* ResultTableViewCell.swift */ = {isa = PBXFileReference; lastKnownFileType = sourcecode.swift; path = ResultTableViewCell.swift; sourceTree = "<group>"; };
		8E08C64B2BC6A5E200E92CB6 /* DetailView.swift */ = {isa = PBXFileReference; lastKnownFileType = sourcecode.swift; path = DetailView.swift; sourceTree = "<group>"; };
		8E08C6512BC6AD2E00E92CB6 /* InfoView.swift */ = {isa = PBXFileReference; lastKnownFileType = sourcecode.swift; path = InfoView.swift; sourceTree = "<group>"; };
/* End PBXFileReference section */

/* Begin PBXFrameworksBuildPhase section */
		8E08C5F82BC4411300E92CB6 /* Frameworks */ = {
			isa = PBXFrameworksBuildPhase;
			buildActionMask = 2147483647;
			files = (
				8E08C6192BC54A1600E92CB6 /* SnapKit in Frameworks */,
				8E08C61C2BC54A4100E92CB6 /* Then in Frameworks */,
				8E08C63E2BC608ED00E92CB6 /* Lottie in Frameworks */,
			);
			runOnlyForDeploymentPostprocessing = 0;
		};
/* End PBXFrameworksBuildPhase section */

/* Begin PBXGroup section */
		8E08C5F22BC4411300E92CB6 = {
			isa = PBXGroup;
			children = (
				8E08C5FD2BC4411300E92CB6 /* TestMagneticDetection */,
				8E08C5FC2BC4411300E92CB6 /* Products */,
			);
			sourceTree = "<group>";
		};
		8E08C5FC2BC4411300E92CB6 /* Products */ = {
			isa = PBXGroup;
			children = (
				8E08C5FB2BC4411300E92CB6 /* TestMagneticDetection.app */,
			);
			name = Products;
			sourceTree = "<group>";
		};
		8E08C5FD2BC4411300E92CB6 /* TestMagneticDetection */ = {
			isa = PBXGroup;
			children = (
				8E08C61E2BC5BDCC00E92CB6 /* Extension */,
				8E08C61D2BC5BDBA00E92CB6 /* View */,
				8E08C6212BC5BE8500E92CB6 /* Application */,
				8E08C6242BC5C06500E92CB6 /* Screens */,
				8E08C6232BC5C05800E92CB6 /* Assets */,
				8E08C6222BC5C04200E92CB6 /* CoreData */,
			);
			path = TestMagneticDetection;
			sourceTree = "<group>";
		};
		8E08C61D2BC5BDBA00E92CB6 /* View */ = {
			isa = PBXGroup;
			children = (
				8E08C6152BC53A4500E92CB6 /* SpeedometerView.swift */,
				8E08C6322BC5EF9000E92CB6 /* HomeScanView.swift */,
				8E08C64F2BC6ABD900E92CB6 /* DetailView */,
			);
			path = View;
			sourceTree = "<group>";
		};
		8E08C61E2BC5BDCC00E92CB6 /* Extension */ = {
			isa = PBXGroup;
			children = (
				8E08C61F2BC5BDDF00E92CB6 /* UIColor+Ext.swift */,
				8E08C62E2BC5C9A300E92CB6 /* UIFont+Ext.swift */,
			);
			path = Extension;
			sourceTree = "<group>";
		};
		8E08C6212BC5BE8500E92CB6 /* Application */ = {
			isa = PBXGroup;
			children = (
				8E08C60C2BC4411400E92CB6 /* LaunchScreen.storyboard */,
				8E08C5FE2BC4411300E92CB6 /* AppDelegate.swift */,
				8E08C6002BC4411300E92CB6 /* SceneDelegate.swift */,
				8E08C60F2BC4411400E92CB6 /* Info.plist */,
			);
			path = Application;
			sourceTree = "<group>";
		};
		8E08C6222BC5C04200E92CB6 /* CoreData */ = {
			isa = PBXGroup;
			children = (
				8E08C6072BC4411300E92CB6 /* TestMagneticDetection.xcdatamodeld */,
			);
			path = CoreData;
			sourceTree = "<group>";
		};
		8E08C6232BC5C05800E92CB6 /* Assets */ = {
			isa = PBXGroup;
			children = (
				8E08C63F2BC6097300E92CB6 /* Animation */,
				8E08C62B2BC5C8AB00E92CB6 /* Font */,
				8E08C60A2BC4411400E92CB6 /* Assets.xcassets */,
			);
			path = Assets;
			sourceTree = "<group>";
		};
		8E08C6242BC5C06500E92CB6 /* Screens */ = {
			isa = PBXGroup;
			children = (
				8E08C6272BC5C28000E92CB6 /* HomeViewController */,
				8E08C6382BC602EF00E92CB6 /* MagneticDetectionViewController */,
				8E08C6392BC602FD00E92CB6 /* ScanNetworkViewController */,
				8E08C6422BC60EEF00E92CB6 /* ResultViewController */,
				8E08C6432BC60F0300E92CB6 /* DeviceDetailsViewController */,
			);
			path = Screens;
			sourceTree = "<group>";
		};
		8E08C6272BC5C28000E92CB6 /* HomeViewController */ = {
			isa = PBXGroup;
			children = (
				8E08C6252BC5C0D100E92CB6 /* HomeViewController.swift */,
				8E08C6282BC5C29200E92CB6 /* Cell */,
			);
			path = HomeViewController;
			sourceTree = "<group>";
		};
		8E08C6282BC5C29200E92CB6 /* Cell */ = {
			isa = PBXGroup;
			children = (
				8E08C6292BC5C2AA00E92CB6 /* HomeCollectionViewCell.swift */,
			);
			path = Cell;
			sourceTree = "<group>";
		};
		8E08C62B2BC5C8AB00E92CB6 /* Font */ = {
			isa = PBXGroup;
			children = (
				8E08C6362BC5F47500E92CB6 /* Roboto-Light.ttf */,
				8E08C62C2BC5C95000E92CB6 /* Roboto-Regular.ttf */,
				8E08C6302BC5EDD100E92CB6 /* Roboto-Medium.ttf */,
				8E08C6342BC5F42B00E92CB6 /* Roboto-Bold.ttf */,
			);
			path = Font;
			sourceTree = "<group>";
		};
		8E08C6382BC602EF00E92CB6 /* MagneticDetectionViewController */ = {
			isa = PBXGroup;
			children = (
				8E08C6022BC4411300E92CB6 /* MagneticDetectionViewController.swift */,
			);
			path = MagneticDetectionViewController;
			sourceTree = "<group>";
		};
		8E08C6392BC602FD00E92CB6 /* ScanNetworkViewController */ = {
			isa = PBXGroup;
			children = (
				8E08C63A2BC6032000E92CB6 /* ScanNetworkViewController.swift */,
			);
			path = ScanNetworkViewController;
			sourceTree = "<group>";
		};
		8E08C63F2BC6097300E92CB6 /* Animation */ = {
			isa = PBXGroup;
			children = (
				8E08C6402BC6099600E92CB6 /* scan.json */,
			);
			path = Animation;
			sourceTree = "<group>";
		};
		8E08C6422BC60EEF00E92CB6 /* ResultViewController */ = {
			isa = PBXGroup;
			children = (
				8E08C6462BC60F6800E92CB6 /* ResultViewController.swift */,
				8E08C6482BC68DF600E92CB6 /* Cell */,
			);
			path = ResultViewController;
			sourceTree = "<group>";
		};
		8E08C6432BC60F0300E92CB6 /* DeviceDetailsViewController */ = {
			isa = PBXGroup;
			children = (
				8E08C6442BC60F2F00E92CB6 /* DeviceDetailsViewController.swift */,
			);
			path = DeviceDetailsViewController;
			sourceTree = "<group>";
		};
		8E08C6482BC68DF600E92CB6 /* Cell */ = {
			isa = PBXGroup;
			children = (
				8E08C6492BC68E0A00E92CB6 /* ResultTableViewCell.swift */,
			);
			path = Cell;
			sourceTree = "<group>";
		};
		8E08C64F2BC6ABD900E92CB6 /* DetailView */ = {
			isa = PBXGroup;
			children = (
				8E08C64B2BC6A5E200E92CB6 /* DetailView.swift */,
				8E08C6512BC6AD2E00E92CB6 /* InfoView.swift */,
			);
			path = DetailView;
			sourceTree = "<group>";
		};
/* End PBXGroup section */

/* Begin PBXNativeTarget section */
		8E08C5FA2BC4411300E92CB6 /* TestMagneticDetection */ = {
			isa = PBXNativeTarget;
			buildConfigurationList = 8E08C6122BC4411400E92CB6 /* Build configuration list for PBXNativeTarget "TestMagneticDetection" */;
			buildPhases = (
				8E08C5F72BC4411300E92CB6 /* Sources */,
				8E08C5F82BC4411300E92CB6 /* Frameworks */,
				8E08C5F92BC4411300E92CB6 /* Resources */,
			);
			buildRules = (
			);
			dependencies = (
			);
			name = TestMagneticDetection;
			packageProductDependencies = (
				8E08C6182BC54A1600E92CB6 /* SnapKit */,
				8E08C61B2BC54A4100E92CB6 /* Then */,
				8E08C63D2BC608ED00E92CB6 /* Lottie */,
			);
			productName = TestMagneticDetection;
			productReference = 8E08C5FB2BC4411300E92CB6 /* TestMagneticDetection.app */;
			productType = "com.apple.product-type.application";
		};
/* End PBXNativeTarget section */

/* Begin PBXProject section */
		8E08C5F32BC4411300E92CB6 /* Project object */ = {
			isa = PBXProject;
			attributes = {
				BuildIndependentTargetsInParallel = 1;
				LastSwiftUpdateCheck = 1500;
				LastUpgradeCheck = 1500;
				TargetAttributes = {
					8E08C5FA2BC4411300E92CB6 = {
						CreatedOnToolsVersion = 15.0.1;
					};
				};
			};
			buildConfigurationList = 8E08C5F62BC4411300E92CB6 /* Build configuration list for PBXProject "TestMagneticDetection" */;
			compatibilityVersion = "Xcode 14.0";
			developmentRegion = en;
			hasScannedForEncodings = 0;
			knownRegions = (
				en,
				Base,
			);
			mainGroup = 8E08C5F22BC4411300E92CB6;
			packageReferences = (
				8E08C6172BC54A1600E92CB6 /* XCRemoteSwiftPackageReference "SnapKit" */,
				8E08C61A2BC54A4100E92CB6 /* XCRemoteSwiftPackageReference "Then" */,
				8E08C63C2BC608ED00E92CB6 /* XCRemoteSwiftPackageReference "lottie-ios" */,
			);
			productRefGroup = 8E08C5FC2BC4411300E92CB6 /* Products */;
			projectDirPath = "";
			projectRoot = "";
			targets = (
				8E08C5FA2BC4411300E92CB6 /* TestMagneticDetection */,
			);
		};
/* End PBXProject section */

/* Begin PBXResourcesBuildPhase section */
		8E08C5F92BC4411300E92CB6 /* Resources */ = {
			isa = PBXResourcesBuildPhase;
			buildActionMask = 2147483647;
			files = (
				8E08C6312BC5EDD100E92CB6 /* Roboto-Medium.ttf in Resources */,
				8E08C62D2BC5C95000E92CB6 /* Roboto-Regular.ttf in Resources */,
				8E08C6412BC6099600E92CB6 /* scan.json in Resources */,
				8E08C6372BC5F47500E92CB6 /* Roboto-Light.ttf in Resources */,
				8E08C6352BC5F42B00E92CB6 /* Roboto-Bold.ttf in Resources */,
				8E08C60E2BC4411400E92CB6 /* LaunchScreen.storyboard in Resources */,
				8E08C60B2BC4411400E92CB6 /* Assets.xcassets in Resources */,
			);
			runOnlyForDeploymentPostprocessing = 0;
		};
/* End PBXResourcesBuildPhase section */

/* Begin PBXSourcesBuildPhase section */
		8E08C5F72BC4411300E92CB6 /* Sources */ = {
			isa = PBXSourcesBuildPhase;
			buildActionMask = 2147483647;
			files = (
				8E08C6472BC60F6800E92CB6 /* ResultViewController.swift in Sources */,
				8E08C6332BC5EF9000E92CB6 /* HomeScanView.swift in Sources */,
				8E08C64A2BC68E0A00E92CB6 /* ResultTableViewCell.swift in Sources */,
				8E08C6162BC53A4500E92CB6 /* SpeedometerView.swift in Sources */,
				8E08C6522BC6AD2E00E92CB6 /* InfoView.swift in Sources */,
				8E08C6032BC4411300E92CB6 /* MagneticDetectionViewController.swift in Sources */,
				8E08C6452BC60F2F00E92CB6 /* DeviceDetailsViewController.swift in Sources */,
				8E08C6092BC4411300E92CB6 /* TestMagneticDetection.xcdatamodeld in Sources */,
				8E08C6202BC5BDDF00E92CB6 /* UIColor+Ext.swift in Sources */,
				8E08C63B2BC6032000E92CB6 /* ScanNetworkViewController.swift in Sources */,
				8E08C5FF2BC4411300E92CB6 /* AppDelegate.swift in Sources */,
				8E08C6262BC5C0D100E92CB6 /* HomeViewController.swift in Sources */,
				8E08C62F2BC5C9A300E92CB6 /* UIFont+Ext.swift in Sources */,
				8E08C6012BC4411300E92CB6 /* SceneDelegate.swift in Sources */,
				8E08C64C2BC6A5E200E92CB6 /* DetailView.swift in Sources */,
				8E08C62A2BC5C2AA00E92CB6 /* HomeCollectionViewCell.swift in Sources */,
			);
			runOnlyForDeploymentPostprocessing = 0;
		};
/* End PBXSourcesBuildPhase section */

/* Begin PBXVariantGroup section */
		8E08C60C2BC4411400E92CB6 /* LaunchScreen.storyboard */ = {
			isa = PBXVariantGroup;
			children = (
				8E08C60D2BC4411400E92CB6 /* Base */,
			);
			name = LaunchScreen.storyboard;
			sourceTree = "<group>";
		};
/* End PBXVariantGroup section */

/* Begin XCBuildConfiguration section */
		8E08C6102BC4411400E92CB6 /* Debug */ = {
			isa = XCBuildConfiguration;
			buildSettings = {
				ALWAYS_SEARCH_USER_PATHS = NO;
				ASSETCATALOG_COMPILER_GENERATE_SWIFT_ASSET_SYMBOL_EXTENSIONS = YES;
				CLANG_ANALYZER_NONNULL = YES;
				CLANG_ANALYZER_NUMBER_OBJECT_CONVERSION = YES_AGGRESSIVE;
				CLANG_CXX_LANGUAGE_STANDARD = "gnu++20";
				CLANG_ENABLE_MODULES = YES;
				CLANG_ENABLE_OBJC_ARC = YES;
				CLANG_ENABLE_OBJC_WEAK = YES;
				CLANG_WARN_BLOCK_CAPTURE_AUTORELEASING = YES;
				CLANG_WARN_BOOL_CONVERSION = YES;
				CLANG_WARN_COMMA = YES;
				CLANG_WARN_CONSTANT_CONVERSION = YES;
				CLANG_WARN_DEPRECATED_OBJC_IMPLEMENTATIONS = YES;
				CLANG_WARN_DIRECT_OBJC_ISA_USAGE = YES_ERROR;
				CLANG_WARN_DOCUMENTATION_COMMENTS = YES;
				CLANG_WARN_EMPTY_BODY = YES;
				CLANG_WARN_ENUM_CONVERSION = YES;
				CLANG_WARN_INFINITE_RECURSION = YES;
				CLANG_WARN_INT_CONVERSION = YES;
				CLANG_WARN_NON_LITERAL_NULL_CONVERSION = YES;
				CLANG_WARN_OBJC_IMPLICIT_RETAIN_SELF = YES;
				CLANG_WARN_OBJC_LITERAL_CONVERSION = YES;
				CLANG_WARN_OBJC_ROOT_CLASS = YES_ERROR;
				CLANG_WARN_QUOTED_INCLUDE_IN_FRAMEWORK_HEADER = YES;
				CLANG_WARN_RANGE_LOOP_ANALYSIS = YES;
				CLANG_WARN_STRICT_PROTOTYPES = YES;
				CLANG_WARN_SUSPICIOUS_MOVE = YES;
				CLANG_WARN_UNGUARDED_AVAILABILITY = YES_AGGRESSIVE;
				CLANG_WARN_UNREACHABLE_CODE = YES;
				CLANG_WARN__DUPLICATE_METHOD_MATCH = YES;
				COPY_PHASE_STRIP = NO;
				DEBUG_INFORMATION_FORMAT = dwarf;
				ENABLE_STRICT_OBJC_MSGSEND = YES;
				ENABLE_TESTABILITY = YES;
				ENABLE_USER_SCRIPT_SANDBOXING = YES;
				GCC_C_LANGUAGE_STANDARD = gnu17;
				GCC_DYNAMIC_NO_PIC = NO;
				GCC_NO_COMMON_BLOCKS = YES;
				GCC_OPTIMIZATION_LEVEL = 0;
				GCC_PREPROCESSOR_DEFINITIONS = (
					"DEBUG=1",
					"$(inherited)",
				);
				GCC_WARN_64_TO_32_BIT_CONVERSION = YES;
				GCC_WARN_ABOUT_RETURN_TYPE = YES_ERROR;
				GCC_WARN_UNDECLARED_SELECTOR = YES;
				GCC_WARN_UNINITIALIZED_AUTOS = YES_AGGRESSIVE;
				GCC_WARN_UNUSED_FUNCTION = YES;
				GCC_WARN_UNUSED_VARIABLE = YES;
				IPHONEOS_DEPLOYMENT_TARGET = 17.0;
				LOCALIZATION_PREFERS_STRING_CATALOGS = YES;
				MTL_ENABLE_DEBUG_INFO = INCLUDE_SOURCE;
				MTL_FAST_MATH = YES;
				ONLY_ACTIVE_ARCH = YES;
				SDKROOT = iphoneos;
				SWIFT_ACTIVE_COMPILATION_CONDITIONS = "DEBUG $(inherited)";
				SWIFT_OPTIMIZATION_LEVEL = "-Onone";
			};
			name = Debug;
		};
		8E08C6112BC4411400E92CB6 /* Release */ = {
			isa = XCBuildConfiguration;
			buildSettings = {
				ALWAYS_SEARCH_USER_PATHS = NO;
				ASSETCATALOG_COMPILER_GENERATE_SWIFT_ASSET_SYMBOL_EXTENSIONS = YES;
				CLANG_ANALYZER_NONNULL = YES;
				CLANG_ANALYZER_NUMBER_OBJECT_CONVERSION = YES_AGGRESSIVE;
				CLANG_CXX_LANGUAGE_STANDARD = "gnu++20";
				CLANG_ENABLE_MODULES = YES;
				CLANG_ENABLE_OBJC_ARC = YES;
				CLANG_ENABLE_OBJC_WEAK = YES;
				CLANG_WARN_BLOCK_CAPTURE_AUTORELEASING = YES;
				CLANG_WARN_BOOL_CONVERSION = YES;
				CLANG_WARN_COMMA = YES;
				CLANG_WARN_CONSTANT_CONVERSION = YES;
				CLANG_WARN_DEPRECATED_OBJC_IMPLEMENTATIONS = YES;
				CLANG_WARN_DIRECT_OBJC_ISA_USAGE = YES_ERROR;
				CLANG_WARN_DOCUMENTATION_COMMENTS = YES;
				CLANG_WARN_EMPTY_BODY = YES;
				CLANG_WARN_ENUM_CONVERSION = YES;
				CLANG_WARN_INFINITE_RECURSION = YES;
				CLANG_WARN_INT_CONVERSION = YES;
				CLANG_WARN_NON_LITERAL_NULL_CONVERSION = YES;
				CLANG_WARN_OBJC_IMPLICIT_RETAIN_SELF = YES;
				CLANG_WARN_OBJC_LITERAL_CONVERSION = YES;
				CLANG_WARN_OBJC_ROOT_CLASS = YES_ERROR;
				CLANG_WARN_QUOTED_INCLUDE_IN_FRAMEWORK_HEADER = YES;
				CLANG_WARN_RANGE_LOOP_ANALYSIS = YES;
				CLANG_WARN_STRICT_PROTOTYPES = YES;
				CLANG_WARN_SUSPICIOUS_MOVE = YES;
				CLANG_WARN_UNGUARDED_AVAILABILITY = YES_AGGRESSIVE;
				CLANG_WARN_UNREACHABLE_CODE = YES;
				CLANG_WARN__DUPLICATE_METHOD_MATCH = YES;
				COPY_PHASE_STRIP = NO;
				DEBUG_INFORMATION_FORMAT = "dwarf-with-dsym";
				ENABLE_NS_ASSERTIONS = NO;
				ENABLE_STRICT_OBJC_MSGSEND = YES;
				ENABLE_USER_SCRIPT_SANDBOXING = YES;
				GCC_C_LANGUAGE_STANDARD = gnu17;
				GCC_NO_COMMON_BLOCKS = YES;
				GCC_WARN_64_TO_32_BIT_CONVERSION = YES;
				GCC_WARN_ABOUT_RETURN_TYPE = YES_ERROR;
				GCC_WARN_UNDECLARED_SELECTOR = YES;
				GCC_WARN_UNINITIALIZED_AUTOS = YES_AGGRESSIVE;
				GCC_WARN_UNUSED_FUNCTION = YES;
				GCC_WARN_UNUSED_VARIABLE = YES;
				IPHONEOS_DEPLOYMENT_TARGET = 17.0;
				LOCALIZATION_PREFERS_STRING_CATALOGS = YES;
				MTL_ENABLE_DEBUG_INFO = NO;
				MTL_FAST_MATH = YES;
				SDKROOT = iphoneos;
				SWIFT_COMPILATION_MODE = wholemodule;
				VALIDATE_PRODUCT = YES;
			};
			name = Release;
		};
		8E08C6132BC4411400E92CB6 /* Debug */ = {
			isa = XCBuildConfiguration;
			buildSettings = {
				ASSETCATALOG_COMPILER_APPICON_NAME = AppIcon;
				ASSETCATALOG_COMPILER_GLOBAL_ACCENT_COLOR_NAME = AccentColor;
				CODE_SIGN_STYLE = Automatic;
				CURRENT_PROJECT_VERSION = 1;
				DEVELOPMENT_TEAM = CSS48FCS24;
				GENERATE_INFOPLIST_FILE = YES;
				INFOPLIST_FILE = TestMagneticDetection/Application/Info.plist;
				INFOPLIST_KEY_UIApplicationSupportsIndirectInputEvents = YES;
				INFOPLIST_KEY_UILaunchStoryboardName = LaunchScreen;
				INFOPLIST_KEY_UISupportedInterfaceOrientations_iPad = "UIInterfaceOrientationPortrait UIInterfaceOrientationPortraitUpsideDown UIInterfaceOrientationLandscapeLeft UIInterfaceOrientationLandscapeRight";
				INFOPLIST_KEY_UISupportedInterfaceOrientations_iPhone = "UIInterfaceOrientationPortrait UIInterfaceOrientationLandscapeLeft UIInterfaceOrientationLandscapeRight";
				LD_RUNPATH_SEARCH_PATHS = (
					"$(inherited)",
					"@executable_path/Frameworks",
				);
				MARKETING_VERSION = 1.0;
				PRODUCT_BUNDLE_IDENTIFIER = git.TestMagneticDetection;
				PRODUCT_NAME = "$(TARGET_NAME)";
				SWIFT_EMIT_LOC_STRINGS = YES;
				SWIFT_VERSION = 5.0;
				TARGETED_DEVICE_FAMILY = "1,2";
			};
			name = Debug;
		};
		8E08C6142BC4411400E92CB6 /* Release */ = {
			isa = XCBuildConfiguration;
			buildSettings = {
				ASSETCATALOG_COMPILER_APPICON_NAME = AppIcon;
				ASSETCATALOG_COMPILER_GLOBAL_ACCENT_COLOR_NAME = AccentColor;
				CODE_SIGN_STYLE = Automatic;
				CURRENT_PROJECT_VERSION = 1;
				DEVELOPMENT_TEAM = CSS48FCS24;
				GENERATE_INFOPLIST_FILE = YES;
				INFOPLIST_FILE = TestMagneticDetection/Application/Info.plist;
				INFOPLIST_KEY_UIApplicationSupportsIndirectInputEvents = YES;
				INFOPLIST_KEY_UILaunchStoryboardName = LaunchScreen;
				INFOPLIST_KEY_UISupportedInterfaceOrientations_iPad = "UIInterfaceOrientationPortrait UIInterfaceOrientationPortraitUpsideDown UIInterfaceOrientationLandscapeLeft UIInterfaceOrientationLandscapeRight";
				INFOPLIST_KEY_UISupportedInterfaceOrientations_iPhone = "UIInterfaceOrientationPortrait UIInterfaceOrientationLandscapeLeft UIInterfaceOrientationLandscapeRight";
				LD_RUNPATH_SEARCH_PATHS = (
					"$(inherited)",
					"@executable_path/Frameworks",
				);
				MARKETING_VERSION = 1.0;
				PRODUCT_BUNDLE_IDENTIFIER = git.TestMagneticDetection;
				PRODUCT_NAME = "$(TARGET_NAME)";
				SWIFT_EMIT_LOC_STRINGS = YES;
				SWIFT_VERSION = 5.0;
				TARGETED_DEVICE_FAMILY = "1,2";
			};
			name = Release;
		};
/* End XCBuildConfiguration section */

/* Begin XCConfigurationList section */
		8E08C5F62BC4411300E92CB6 /* Build configuration list for PBXProject "TestMagneticDetection" */ = {
			isa = XCConfigurationList;
			buildConfigurations = (
				8E08C6102BC4411400E92CB6 /* Debug */,
				8E08C6112BC4411400E92CB6 /* Release */,
			);
			defaultConfigurationIsVisible = 0;
			defaultConfigurationName = Release;
		};
		8E08C6122BC4411400E92CB6 /* Build configuration list for PBXNativeTarget "TestMagneticDetection" */ = {
			isa = XCConfigurationList;
			buildConfigurations = (
				8E08C6132BC4411400E92CB6 /* Debug */,
				8E08C6142BC4411400E92CB6 /* Release */,
			);
			defaultConfigurationIsVisible = 0;
			defaultConfigurationName = Release;
		};
/* End XCConfigurationList section */

/* Begin XCRemoteSwiftPackageReference section */
		8E08C6172BC54A1600E92CB6 /* XCRemoteSwiftPackageReference "SnapKit" */ = {
			isa = XCRemoteSwiftPackageReference;
			repositoryURL = "https://github.com/SnapKit/SnapKit.git";
			requirement = {
				kind = upToNextMajorVersion;
				minimumVersion = 5.7.1;
			};
		};
		8E08C61A2BC54A4100E92CB6 /* XCRemoteSwiftPackageReference "Then" */ = {
			isa = XCRemoteSwiftPackageReference;
			repositoryURL = "https://github.com/devxoul/Then";
			requirement = {
				kind = upToNextMajorVersion;
				minimumVersion = 3.0.0;
			};
		};
		8E08C63C2BC608ED00E92CB6 /* XCRemoteSwiftPackageReference "lottie-ios" */ = {
			isa = XCRemoteSwiftPackageReference;
			repositoryURL = "https://github.com/airbnb/lottie-ios";
			requirement = {
				kind = upToNextMajorVersion;
				minimumVersion = 4.4.2;
			};
		};
/* End XCRemoteSwiftPackageReference section */

/* Begin XCSwiftPackageProductDependency section */
		8E08C6182BC54A1600E92CB6 /* SnapKit */ = {
			isa = XCSwiftPackageProductDependency;
			package = 8E08C6172BC54A1600E92CB6 /* XCRemoteSwiftPackageReference "SnapKit" */;
			productName = SnapKit;
		};
		8E08C61B2BC54A4100E92CB6 /* Then */ = {
			isa = XCSwiftPackageProductDependency;
			package = 8E08C61A2BC54A4100E92CB6 /* XCRemoteSwiftPackageReference "Then" */;
			productName = Then;
		};
		8E08C63D2BC608ED00E92CB6 /* Lottie */ = {
			isa = XCSwiftPackageProductDependency;
			package = 8E08C63C2BC608ED00E92CB6 /* XCRemoteSwiftPackageReference "lottie-ios" */;
			productName = Lottie;
		};
/* End XCSwiftPackageProductDependency section */

/* Begin XCVersionGroup section */
		8E08C6072BC4411300E92CB6 /* TestMagneticDetection.xcdatamodeld */ = {
			isa = XCVersionGroup;
			children = (
				8E08C6082BC4411300E92CB6 /* TestMagneticDetection.xcdatamodel */,
			);
			currentVersion = 8E08C6082BC4411300E92CB6 /* TestMagneticDetection.xcdatamodel */;
			path = TestMagneticDetection.xcdatamodeld;
			sourceTree = "<group>";
			versionGroupType = wrapper.xcdatamodel;
		};
/* End XCVersionGroup section */
	};
	rootObject = 8E08C5F32BC4411300E92CB6 /* Project object */;
}
